
Microsoft Visual Studio Solution File, Format Version 12.00
# Visual Studio Version 16
VisualStudioVersion = 16.0.29519.87
MinimumVisualStudioVersion = 10.0.40219.1
Project("{8BC9CEB8-8B4A-11D0-8D11-00A0C91BC942}") = "SolidBody", "SolidBody\SolidBody.vcxproj", "{C5F023E7-8758-4BC2-BD73-9BBE637C4931}"
EndProject
Global
	GlobalSection(SolutionConfigurationPlatforms) = preSolution
		Debug|x64 = Debug|x64
		Debug|x86 = Debug|x86
		Release|x64 = Release|x64
		Release|x86 = Release|x86
	EndGlobalSection
	GlobalSection(ProjectConfigurationPlatforms) = postSolution
		{C5F023E7-8758-4BC2-BD73-9BBE637C4931}.Debug|x64.ActiveCfg = Debug|x64
		{C5F023E7-8758-4BC2-BD73-9BBE637C4931}.Debug|x64.Build.0 = Debug|x64
		{C5F023E7-8758-4BC2-BD73-9BBE637C4931}.Debug|x86.ActiveCfg = Debug|Win32
		{C5F023E7-8758-4BC2-BD73-9BBE637C4931}.Debug|x86.Build.0 = Debug|Win32
		{C5F023E7-8758-4BC2-BD73-9BBE637C4931}.Release|x64.ActiveCfg = Release|x64
		{C5F023E7-8758-4BC2-BD73-9BBE637C4931}.Release|x64.Build.0 = Release|x64
		{C5F023E7-8758-4BC2-BD73-9BBE637C4931}.Release|x86.ActiveCfg = Release|Win32
		{C5F023E7-8758-4BC2-BD73-9BBE637C4931}.Release|x86.Build.0 = Release|Win32
	EndGlobalSection
	GlobalSection(SolutionProperties) = preSolution
		HideSolutionNode = FALSE
	EndGlobalSection
	GlobalSection(ExtensibilityGlobals) = postSolution
		SolutionGuid = {3EAC88BF-B617-40DF-ACB2-A36AE75B4C3F}
	EndGlobalSection
EndGlobal
